
Microsoft Visual Studio Solution File, Format Version 12.00
# Visual Studio Version 16
VisualStudioVersion = 16.0.29509.3
MinimumVisualStudioVersion = 10.0.40219.1
Project("{9A19103F-16F7-4668-BE54-9A1E7A4F7556}") = "Kingsland.ArmLinter", "Kingsland.ArmLinter\Kingsland.ArmLinter.csproj", "{FED9E6F1-6238-4F64-BF85-615C545E68C3}"
EndProject
Project("{9A19103F-16F7-4668-BE54-9A1E7A4F7556}") = "Kingsland.ArmValidator", "Kingsland.ArmValidator\Kingsland.ArmValidator.csproj", "{161BC40E-EBA6-4EF5-B0E8-EDA9E0AC35AC}"
EndProject
Project("{9A19103F-16F7-4668-BE54-9A1E7A4F7556}") = "Kingsland.Lexing", "Kingsland.Lexing\Kingsland.Lexing.csproj", "{43A2ABE2-421D-42A6-A8EF-301397E7EDDF}"
EndProject
Global
	GlobalSection(SolutionConfigurationPlatforms) = preSolution
		Debug|Any CPU = Debug|Any CPU
		Release|Any CPU = Release|Any CPU
	EndGlobalSection
	GlobalSection(ProjectConfigurationPlatforms) = postSolution
		{FED9E6F1-6238-4F64-BF85-615C545E68C3}.Debug|Any CPU.ActiveCfg = Debug|Any CPU
		{FED9E6F1-6238-4F64-BF85-615C545E68C3}.Debug|Any CPU.Build.0 = Debug|Any CPU
		{FED9E6F1-6238-4F64-BF85-615C545E68C3}.Release|Any CPU.ActiveCfg = Release|Any CPU
		{FED9E6F1-6238-4F64-BF85-615C545E68C3}.Release|Any CPU.Build.0 = Release|Any CPU
		{161BC40E-EBA6-4EF5-B0E8-EDA9E0AC35AC}.Debug|Any CPU.ActiveCfg = Debug|Any CPU
		{161BC40E-EBA6-4EF5-B0E8-EDA9E0AC35AC}.Debug|Any CPU.Build.0 = Debug|Any CPU
		{161BC40E-EBA6-4EF5-B0E8-EDA9E0AC35AC}.Release|Any CPU.ActiveCfg = Release|Any CPU
		{161BC40E-EBA6-4EF5-B0E8-EDA9E0AC35AC}.Release|Any CPU.Build.0 = Release|Any CPU
		{43A2ABE2-421D-42A6-A8EF-301397E7EDDF}.Debug|Any CPU.ActiveCfg = Debug|Any CPU
		{43A2ABE2-421D-42A6-A8EF-301397E7EDDF}.Debug|Any CPU.Build.0 = Debug|Any CPU
		{43A2ABE2-421D-42A6-A8EF-301397E7EDDF}.Release|Any CPU.ActiveCfg = Release|Any CPU
		{43A2ABE2-421D-42A6-A8EF-301397E7EDDF}.Release|Any CPU.Build.0 = Release|Any CPU
	EndGlobalSection
	GlobalSection(SolutionProperties) = preSolution
		HideSolutionNode = FALSE
	EndGlobalSection
	GlobalSection(ExtensibilityGlobals) = postSolution
		SolutionGuid = {7287724C-9034-4EBC-A425-3096180459E6}
	EndGlobalSection
EndGlobal
